// !$*UTF8*$!
{
	archiveVersion = 1;
	classes = {
	};
	objectVersion = 46;
	objects = {

/* Begin PBXBuildFile section */
		EB6A32971A9E423F00A941EB /* main.m in Sources */ = {isa = PBXBuildFile; fileRef = EB6A32961A9E423F00A941EB /* main.m */; };
		EB6A329A1A9E423F00A941EB /* AppDelegate.m in Sources */ = {isa = PBXBuildFile; fileRef = EB6A32991A9E423F00A941EB /* AppDelegate.m */; };
		EB6A32A01A9E423F00A941EB /* Main.storyboard in Resources */ = {isa = PBXBuildFile; fileRef = EB6A329E1A9E423F00A941EB /* Main.storyboard */; };
		EB6A32A21A9E423F00A941EB /* Images.xcassets in Resources */ = {isa = PBXBuildFile; fileRef = EB6A32A11A9E423F00A941EB /* Images.xcassets */; };
		EB6A32A51A9E423F00A941EB /* LaunchScreen.xib in Resources */ = {isa = PBXBuildFile; fileRef = EB6A32A31A9E423F00A941EB /* LaunchScreen.xib */; };
		EB6A32B11A9E423F00A941EB /* Table_View_From_Doom_666Tests.m in Sources */ = {isa = PBXBuildFile; fileRef = EB6A32B01A9E423F00A941EB /* Table_View_From_Doom_666Tests.m */; };
		EB6A32C21A9E475600A941EB /* Aplicativo.m in Sources */ = {isa = PBXBuildFile; fileRef = EB6A32C11A9E475600A941EB /* Aplicativo.m */; };
		EB6A32C51A9E4ADB00A941EB /* Categoria.m in Sources */ = {isa = PBXBuildFile; fileRef = EB6A32C41A9E4ADB00A941EB /* Categoria.m */; };
		EB6A32CA1A9E615C00A941EB /* 44x44.png in Resources */ = {isa = PBXBuildFile; fileRef = EB6A32C91A9E615C00A941EB /* 44x44.png */; };
		EB6A32D01A9E66E300A941EB /* AppTableViewController.m in Sources */ = {isa = PBXBuildFile; fileRef = EB6A32CF1A9E66E300A941EB /* AppTableViewController.m */; };
		EB6A32D31A9E67FF00A941EB /* AppTableViewCell.m in Sources */ = {isa = PBXBuildFile; fileRef = EB6A32D21A9E67FF00A941EB /* AppTableViewCell.m */; };
		EB6A32D61A9E6D4400A941EB /* DetalhesViewController.m in Sources */ = {isa = PBXBuildFile; fileRef = EB6A32D51A9E6D4400A941EB /* DetalhesViewController.m */; };
/* End PBXBuildFile section */

/* Begin PBXContainerItemProxy section */
		EB6A32AB1A9E423F00A941EB /* PBXContainerItemProxy */ = {
			isa = PBXContainerItemProxy;
			containerPortal = EB6A32891A9E423F00A941EB /* Project object */;
			proxyType = 1;
			remoteGlobalIDString = EB6A32901A9E423F00A941EB;
			remoteInfo = "Table View From Doom 666";
		};
/* End PBXContainerItemProxy section */

/* Begin PBXFileReference section */
		EB6A32911A9E423F00A941EB /* Table View From Doom 666.app */ = {isa = PBXFileReference; explicitFileType = wrapper.application; includeInIndex = 0; path = "Table View From Doom 666.app"; sourceTree = BUILT_PRODUCTS_DIR; };
		EB6A32951A9E423F00A941EB /* Info.plist */ = {isa = PBXFileReference; lastKnownFileType = text.plist.xml; path = Info.plist; sourceTree = "<group>"; };
		EB6A32961A9E423F00A941EB /* main.m */ = {isa = PBXFileReference; lastKnownFileType = sourcecode.c.objc; path = main.m; sourceTree = "<group>"; };
		EB6A32981A9E423F00A941EB /* AppDelegate.h */ = {isa = PBXFileReference; lastKnownFileType = sourcecode.c.h; path = AppDelegate.h; sourceTree = "<group>"; };
		EB6A32991A9E423F00A941EB /* AppDelegate.m */ = {isa = PBXFileReference; lastKnownFileType = sourcecode.c.objc; path = AppDelegate.m; sourceTree = "<group>"; };
		EB6A329F1A9E423F00A941EB /* Base */ = {isa = PBXFileReference; lastKnownFileType = file.storyboard; name = Base; path = Base.lproj/Main.storyboard; sourceTree = "<group>"; };
		EB6A32A11A9E423F00A941EB /* Images.xcassets */ = {isa = PBXFileReference; lastKnownFileType = folder.assetcatalog; path = Images.xcassets; sourceTree = "<group>"; };
		EB6A32A41A9E423F00A941EB /* Base */ = {isa = PBXFileReference; lastKnownFileType = file.xib; name = Base; path = Base.lproj/LaunchScreen.xib; sourceTree = "<group>"; };
		EB6A32AA1A9E423F00A941EB /* Table View From Doom 666Tests.xctest */ = {isa = PBXFileReference; explicitFileType = wrapper.cfbundle; includeInIndex = 0; path = "Table View From Doom 666Tests.xctest"; sourceTree = BUILT_PRODUCTS_DIR; };
		EB6A32AF1A9E423F00A941EB /* Info.plist */ = {isa = PBXFileReference; lastKnownFileType = text.plist.xml; path = Info.plist; sourceTree = "<group>"; };
		EB6A32B01A9E423F00A941EB /* Table_View_From_Doom_666Tests.m */ = {isa = PBXFileReference; lastKnownFileType = sourcecode.c.objc; path = Table_View_From_Doom_666Tests.m; sourceTree = "<group>"; };
		EB6A32C01A9E475600A941EB /* Aplicativo.h */ = {isa = PBXFileReference; fileEncoding = 4; lastKnownFileType = sourcecode.c.h; path = Aplicativo.h; sourceTree = "<group>"; };
		EB6A32C11A9E475600A941EB /* Aplicativo.m */ = {isa = PBXFileReference; fileEncoding = 4; lastKnownFileType = sourcecode.c.objc; path = Aplicativo.m; sourceTree = "<group>"; };
		EB6A32C31A9E4ADB00A941EB /* Categoria.h */ = {isa = PBXFileReference; fileEncoding = 4; lastKnownFileType = sourcecode.c.h; path = Categoria.h; sourceTree = "<group>"; };
		EB6A32C41A9E4ADB00A941EB /* Categoria.m */ = {isa = PBXFileReference; fileEncoding = 4; lastKnownFileType = sourcecode.c.objc; path = Categoria.m; sourceTree = "<group>"; };
		EB6A32C91A9E615C00A941EB /* 44x44.png */ = {isa = PBXFileReference; lastKnownFileType = image.png; name = 44x44.png; path = ../../../../../../Desktop/44x44.png; sourceTree = "<group>"; };
		EB6A32CE1A9E66E300A941EB /* AppTableViewController.h */ = {isa = PBXFileReference; fileEncoding = 4; lastKnownFileType = sourcecode.c.h; path = AppTableViewController.h; sourceTree = "<group>"; };
		EB6A32CF1A9E66E300A941EB /* AppTableViewController.m */ = {isa = PBXFileReference; fileEncoding = 4; lastKnownFileType = sourcecode.c.objc; path = AppTableViewController.m; sourceTree = "<group>"; };
		EB6A32D11A9E67FF00A941EB /* AppTableViewCell.h */ = {isa = PBXFileReference; fileEncoding = 4; lastKnownFileType = sourcecode.c.h; path = AppTableViewCell.h; sourceTree = "<group>"; };
		EB6A32D21A9E67FF00A941EB /* AppTableViewCell.m */ = {isa = PBXFileReference; fileEncoding = 4; lastKnownFileType = sourcecode.c.objc; path = AppTableViewCell.m; sourceTree = "<group>"; };
		EB6A32D41A9E6D4400A941EB /* DetalhesViewController.h */ = {isa = PBXFileReference; fileEncoding = 4; lastKnownFileType = sourcecode.c.h; path = DetalhesViewController.h; sourceTree = "<group>"; };
		EB6A32D51A9E6D4400A941EB /* DetalhesViewController.m */ = {isa = PBXFileReference; fileEncoding = 4; lastKnownFileType = sourcecode.c.objc; path = DetalhesViewController.m; sourceTree = "<group>"; };
/* End PBXFileReference section */

/* Begin PBXFrameworksBuildPhase section */
		EB6A328E1A9E423F00A941EB /* Frameworks */ = {
			isa = PBXFrameworksBuildPhase;
			buildActionMask = 2147483647;
			files = (
			);
			runOnlyForDeploymentPostprocessing = 0;
		};
		EB6A32A71A9E423F00A941EB /* Frameworks */ = {
			isa = PBXFrameworksBuildPhase;
			buildActionMask = 2147483647;
			files = (
			);
			runOnlyForDeploymentPostprocessing = 0;
		};
/* End PBXFrameworksBuildPhase section */

/* Begin PBXGroup section */
		EB6A32881A9E423F00A941EB = {
			isa = PBXGroup;
			children = (
				EB6A32931A9E423F00A941EB /* Table View From Doom 666 */,
				EB6A32AD1A9E423F00A941EB /* Table View From Doom 666Tests */,
				EB6A32921A9E423F00A941EB /* Products */,
			);
			sourceTree = "<group>";
		};
		EB6A32921A9E423F00A941EB /* Products */ = {
			isa = PBXGroup;
			children = (
				EB6A32911A9E423F00A941EB /* Table View From Doom 666.app */,
				EB6A32AA1A9E423F00A941EB /* Table View From Doom 666Tests.xctest */,
			);
			name = Products;
			sourceTree = "<group>";
		};
		EB6A32931A9E423F00A941EB /* Table View From Doom 666 */ = {
			isa = PBXGroup;
			children = (
				EB6A32981A9E423F00A941EB /* AppDelegate.h */,
				EB6A32991A9E423F00A941EB /* AppDelegate.m */,
				EB6A329E1A9E423F00A941EB /* Main.storyboard */,
				EB6A32A11A9E423F00A941EB /* Images.xcassets */,
				EB6A32A31A9E423F00A941EB /* LaunchScreen.xib */,
				EB6A32941A9E423F00A941EB /* Supporting Files */,
				EB6A32C01A9E475600A941EB /* Aplicativo.h */,
				EB6A32C11A9E475600A941EB /* Aplicativo.m */,
				EB6A32C31A9E4ADB00A941EB /* Categoria.h */,
				EB6A32C41A9E4ADB00A941EB /* Categoria.m */,
				EB6A32C91A9E615C00A941EB /* 44x44.png */,
				EB6A32CE1A9E66E300A941EB /* AppTableViewController.h */,
				EB6A32CF1A9E66E300A941EB /* AppTableViewController.m */,
				EB6A32D11A9E67FF00A941EB /* AppTableViewCell.h */,
				EB6A32D21A9E67FF00A941EB /* AppTableViewCell.m */,
				EB6A32D41A9E6D4400A941EB /* DetalhesViewController.h */,
				EB6A32D51A9E6D4400A941EB /* DetalhesViewController.m */,
			);
			path = "Table View From Doom 666";
			sourceTree = "<group>";
		};
		EB6A32941A9E423F00A941EB /* Supporting Files */ = {
			isa = PBXGroup;
			children = (
				EB6A32951A9E423F00A941EB /* Info.plist */,
				EB6A32961A9E423F00A941EB /* main.m */,
			);
			name = "Supporting Files";
			sourceTree = "<group>";
		};
		EB6A32AD1A9E423F00A941EB /* Table View From Doom 666Tests */ = {
			isa = PBXGroup;
			children = (
				EB6A32B01A9E423F00A941EB /* Table_View_From_Doom_666Tests.m */,
				EB6A32AE1A9E423F00A941EB /* Supporting Files */,
			);
			path = "Table View From Doom 666Tests";
			sourceTree = "<group>";
		};
		EB6A32AE1A9E423F00A941EB /* Supporting Files */ = {
			isa = PBXGroup;
			children = (
				EB6A32AF1A9E423F00A941EB /* Info.plist */,
			);
			name = "Supporting Files";
			sourceTree = "<group>";
		};
/* End PBXGroup section */

/* Begin PBXNativeTarget section */
		EB6A32901A9E423F00A941EB /* Table View From Doom 666 */ = {
			isa = PBXNativeTarget;
			buildConfigurationList = EB6A32B41A9E423F00A941EB /* Build configuration list for PBXNativeTarget "Table View From Doom 666" */;
			buildPhases = (
				EB6A328D1A9E423F00A941EB /* Sources */,
				EB6A328E1A9E423F00A941EB /* Frameworks */,
				EB6A328F1A9E423F00A941EB /* Resources */,
			);
			buildRules = (
			);
			dependencies = (
			);
			name = "Table View From Doom 666";
			productName = "Table View From Doom 666";
			productReference = EB6A32911A9E423F00A941EB /* Table View From Doom 666.app */;
			productType = "com.apple.product-type.application";
		};
		EB6A32A91A9E423F00A941EB /* Table View From Doom 666Tests */ = {
			isa = PBXNativeTarget;
			buildConfigurationList = EB6A32B71A9E423F00A941EB /* Build configuration list for PBXNativeTarget "Table View From Doom 666Tests" */;
			buildPhases = (
				EB6A32A61A9E423F00A941EB /* Sources */,
				EB6A32A71A9E423F00A941EB /* Frameworks */,
				EB6A32A81A9E423F00A941EB /* Resources */,
			);
			buildRules = (
			);
			dependencies = (
				EB6A32AC1A9E423F00A941EB /* PBXTargetDependency */,
			);
			name = "Table View From Doom 666Tests";
			productName = "Table View From Doom 666Tests";
			productReference = EB6A32AA1A9E423F00A941EB /* Table View From Doom 666Tests.xctest */;
			productType = "com.apple.product-type.bundle.unit-test";
		};
/* End PBXNativeTarget section */

/* Begin PBXProject section */
		EB6A32891A9E423F00A941EB /* Project object */ = {
			isa = PBXProject;
			attributes = {
				LastUpgradeCheck = 0610;
				ORGANIZATIONNAME = NerfThisGroup;
				TargetAttributes = {
					EB6A32901A9E423F00A941EB = {
						CreatedOnToolsVersion = 6.1.1;
					};
					EB6A32A91A9E423F00A941EB = {
						CreatedOnToolsVersion = 6.1.1;
						TestTargetID = EB6A32901A9E423F00A941EB;
					};
				};
			};
			buildConfigurationList = EB6A328C1A9E423F00A941EB /* Build configuration list for PBXProject "Table View From Doom 666" */;
			compatibilityVersion = "Xcode 3.2";
			developmentRegion = English;
			hasScannedForEncodings = 0;
			knownRegions = (
				en,
				Base,
			);
			mainGroup = EB6A32881A9E423F00A941EB;
			productRefGroup = EB6A32921A9E423F00A941EB /* Products */;
			projectDirPath = "";
			projectRoot = "";
			targets = (
				EB6A32901A9E423F00A941EB /* Table View From Doom 666 */,
				EB6A32A91A9E423F00A941EB /* Table View From Doom 666Tests */,
			);
		};
/* End PBXProject section */

/* Begin PBXResourcesBuildPhase section */
		EB6A328F1A9E423F00A941EB /* Resources */ = {
			isa = PBXResourcesBuildPhase;
			buildActionMask = 2147483647;
			files = (
				EB6A32CA1A9E615C00A941EB /* 44x44.png in Resources */,
				EB6A32A01A9E423F00A941EB /* Main.storyboard in Resources */,
				EB6A32A51A9E423F00A941EB /* LaunchScreen.xib in Resources */,
				EB6A32A21A9E423F00A941EB /* Images.xcassets in Resources */,
			);
			runOnlyForDeploymentPostprocessing = 0;
		};
		EB6A32A81A9E423F00A941EB /* Resources */ = {
			isa = PBXResourcesBuildPhase;
			buildActionMask = 2147483647;
			files = (
			);
			runOnlyForDeploymentPostprocessing = 0;
		};
/* End PBXResourcesBuildPhase section */

/* Begin PBXSourcesBuildPhase section */
		EB6A328D1A9E423F00A941EB /* Sources */ = {
			isa = PBXSourcesBuildPhase;
			buildActionMask = 2147483647;
			files = (
				EB6A32D01A9E66E300A941EB /* AppTableViewController.m in Sources */,
				EB6A329A1A9E423F00A941EB /* AppDelegate.m in Sources */,
				EB6A32971A9E423F00A941EB /* main.m in Sources */,
				EB6A32D31A9E67FF00A941EB /* AppTableViewCell.m in Sources */,
				EB6A32C51A9E4ADB00A941EB /* Categoria.m in Sources */,
				EB6A32C21A9E475600A941EB /* Aplicativo.m in Sources */,
				EB6A32D61A9E6D4400A941EB /* DetalhesViewController.m in Sources */,
			);
			runOnlyForDeploymentPostprocessing = 0;
		};
		EB6A32A61A9E423F00A941EB /* Sources */ = {
			isa = PBXSourcesBuildPhase;
			buildActionMask = 2147483647;
			files = (
				EB6A32B11A9E423F00A941EB /* Table_View_From_Doom_666Tests.m in Sources */,
			);
			runOnlyForDeploymentPostprocessing = 0;
		};
/* End PBXSourcesBuildPhase section */

/* Begin PBXTargetDependency section */
		EB6A32AC1A9E423F00A941EB /* PBXTargetDependency */ = {
			isa = PBXTargetDependency;
			target = EB6A32901A9E423F00A941EB /* Table View From Doom 666 */;
			targetProxy = EB6A32AB1A9E423F00A941EB /* PBXContainerItemProxy */;
		};
/* End PBXTargetDependency section */

/* Begin PBXVariantGroup section */
		EB6A329E1A9E423F00A941EB /* Main.storyboard */ = {
			isa = PBXVariantGroup;
			children = (
				EB6A329F1A9E423F00A941EB /* Base */,
			);
			name = Main.storyboard;
			sourceTree = "<group>";
		};
		EB6A32A31A9E423F00A941EB /* LaunchScreen.xib */ = {
			isa = PBXVariantGroup;
			children = (
				EB6A32A41A9E423F00A941EB /* Base */,
			);
			name = LaunchScreen.xib;
			sourceTree = "<group>";
		};
/* End PBXVariantGroup section */

/* Begin XCBuildConfiguration section */
		EB6A32B21A9E423F00A941EB /* Debug */ = {
			isa = XCBuildConfiguration;
			buildSettings = {
				ALWAYS_SEARCH_USER_PATHS = NO;
				CLANG_CXX_LANGUAGE_STANDARD = "gnu++0x";
				CLANG_CXX_LIBRARY = "libc++";
				CLANG_ENABLE_MODULES = YES;
				CLANG_ENABLE_OBJC_ARC = YES;
				CLANG_WARN_BOOL_CONVERSION = YES;
				CLANG_WARN_CONSTANT_CONVERSION = YES;
				CLANG_WARN_DIRECT_OBJC_ISA_USAGE = YES_ERROR;
				CLANG_WARN_EMPTY_BODY = YES;
				CLANG_WARN_ENUM_CONVERSION = YES;
				CLANG_WARN_INT_CONVERSION = YES;
				CLANG_WARN_OBJC_ROOT_CLASS = YES_ERROR;
				CLANG_WARN_UNREACHABLE_CODE = YES;
				CLANG_WARN__DUPLICATE_METHOD_MATCH = YES;
				"CODE_SIGN_IDENTITY[sdk=iphoneos*]" = "iPhone Developer";
				COPY_PHASE_STRIP = NO;
				ENABLE_STRICT_OBJC_MSGSEND = YES;
				GCC_C_LANGUAGE_STANDARD = gnu99;
				GCC_DYNAMIC_NO_PIC = NO;
				GCC_OPTIMIZATION_LEVEL = 0;
				GCC_PREPROCESSOR_DEFINITIONS = (
					"DEBUG=1",
					"$(inherited)",
				);
				GCC_SYMBOLS_PRIVATE_EXTERN = NO;
				GCC_WARN_64_TO_32_BIT_CONVERSION = YES;
				GCC_WARN_ABOUT_RETURN_TYPE = YES_ERROR;
				GCC_WARN_UNDECLARED_SELECTOR = YES;
				GCC_WARN_UNINITIALIZED_AUTOS = YES_AGGRESSIVE;
				GCC_WARN_UNUSED_FUNCTION = YES;
				GCC_WARN_UNUSED_VARIABLE = YES;
				IPHONEOS_DEPLOYMENT_TARGET = 8.1;
				MTL_ENABLE_DEBUG_INFO = YES;
				ONLY_ACTIVE_ARCH = YES;
				SDKROOT = iphoneos;
				TARGETED_DEVICE_FAMILY = "1,2";
			};
			name = Debug;
		};
		EB6A32B31A9E423F00A941EB /* Release */ = {
			isa = XCBuildConfiguration;
			buildSettings = {
				ALWAYS_SEARCH_USER_PATHS = NO;
				CLANG_CXX_LANGUAGE_STANDARD = "gnu++0x";
				CLANG_CXX_LIBRARY = "libc++";
				CLANG_ENABLE_MODULES = YES;
				CLANG_ENABLE_OBJC_ARC = YES;
				CLANG_WARN_BOOL_CONVERSION = YES;
				CLANG_WARN_CONSTANT_CONVERSION = YES;
				CLANG_WARN_DIRECT_OBJC_ISA_USAGE = YES_ERROR;
				CLANG_WARN_EMPTY_BODY = YES;
				CLANG_WARN_ENUM_CONVERSION = YES;
				CLANG_WARN_INT_CONVERSION = YES;
				CLANG_WARN_OBJC_ROOT_CLASS = YES_ERROR;
				CLANG_WARN_UNREACHABLE_CODE = YES;
				CLANG_WARN__DUPLICATE_METHOD_MATCH = YES;
				"CODE_SIGN_IDENTITY[sdk=iphoneos*]" = "iPhone Developer";
				COPY_PHASE_STRIP = YES;
				ENABLE_NS_ASSERTIONS = NO;
				ENABLE_STRICT_OBJC_MSGSEND = YES;
				GCC_C_LANGUAGE_STANDARD = gnu99;
				GCC_WARN_64_TO_32_BIT_CONVERSION = YES;
				GCC_WARN_ABOUT_RETURN_TYPE = YES_ERROR;
				GCC_WARN_UNDECLARED_SELECTOR = YES;
				GCC_WARN_UNINITIALIZED_AUTOS = YES_AGGRESSIVE;
				GCC_WARN_UNUSED_FUNCTION = YES;
				GCC_WARN_UNUSED_VARIABLE = YES;
				IPHONEOS_DEPLOYMENT_TARGET = 8.1;
				MTL_ENABLE_DEBUG_INFO = NO;
				SDKROOT = iphoneos;
				TARGETED_DEVICE_FAMILY = "1,2";
				VALIDATE_PRODUCT = YES;
			};
			name = Release;
		};
		EB6A32B51A9E423F00A941EB /* Debug */ = {
			isa = XCBuildConfiguration;
			buildSettings = {
				ASSETCATALOG_COMPILER_APPICON_NAME = AppIcon;
				INFOPLIST_FILE = "Table View From Doom 666/Info.plist";
				LD_RUNPATH_SEARCH_PATHS = "$(inherited) @executable_path/Frameworks";
				PRODUCT_NAME = "$(TARGET_NAME)";
			};
			name = Debug;
		};
		EB6A32B61A9E423F00A941EB /* Release */ = {
			isa = XCBuildConfiguration;
			buildSettings = {
				ASSETCATALOG_COMPILER_APPICON_NAME = AppIcon;
				INFOPLIST_FILE = "Table View From Doom 666/Info.plist";
				LD_RUNPATH_SEARCH_PATHS = "$(inherited) @executable_path/Frameworks";
				PRODUCT_NAME = "$(TARGET_NAME)";
			};
			name = Release;
		};
		EB6A32B81A9E423F00A941EB /* Debug */ = {
			isa = XCBuildConfiguration;
			buildSettings = {
				BUNDLE_LOADER = "$(TEST_HOST)";
				FRAMEWORK_SEARCH_PATHS = (
					"$(SDKROOT)/Developer/Library/Frameworks",
					"$(inherited)",
				);
				GCC_PREPROCESSOR_DEFINITIONS = (
					"DEBUG=1",
					"$(inherited)",
				);
				INFOPLIST_FILE = "Table View From Doom 666Tests/Info.plist";
				LD_RUNPATH_SEARCH_PATHS = "$(inherited) @executable_path/Frameworks @loader_path/Frameworks";
				PRODUCT_NAME = "$(TARGET_NAME)";
				TEST_HOST = "$(BUILT_PRODUCTS_DIR)/Table View From Doom 666.app/Table View From Doom 666";
			};
			name = Debug;
		};
		EB6A32B91A9E423F00A941EB /* Release */ = {
			isa = XCBuildConfiguration;
			buildSettings = {
				BUNDLE_LOADER = "$(TEST_HOST)";
				FRAMEWORK_SEARCH_PATHS = (
					"$(SDKROOT)/Developer/Library/Frameworks",
					"$(inherited)",
				);
				INFOPLIST_FILE = "Table View From Doom 666Tests/Info.plist";
				LD_RUNPATH_SEARCH_PATHS = "$(inherited) @executable_path/Frameworks @loader_path/Frameworks";
				PRODUCT_NAME = "$(TARGET_NAME)";
				TEST_HOST = "$(BUILT_PRODUCTS_DIR)/Table View From Doom 666.app/Table View From Doom 666";
			};
			name = Release;
		};
/* End XCBuildConfiguration section */

/* Begin XCConfigurationList section */
		EB6A328C1A9E423F00A941EB /* Build configuration list for PBXProject "Table View From Doom 666" */ = {
			isa = XCConfigurationList;
			buildConfigurations = (
				EB6A32B21A9E423F00A941EB /* Debug */,
				EB6A32B31A9E423F00A941EB /* Release */,
			);
			defaultConfigurationIsVisible = 0;
			defaultConfigurationName = Release;
		};
		EB6A32B41A9E423F00A941EB /* Build configuration list for PBXNativeTarget "Table View From Doom 666" */ = {
			isa = XCConfigurationList;
			buildConfigurations = (
				EB6A32B51A9E423F00A941EB /* Debug */,
				EB6A32B61A9E423F00A941EB /* Release */,
			);
			defaultConfigurationIsVisible = 0;
		};
		EB6A32B71A9E423F00A941EB /* Build configuration list for PBXNativeTarget "Table View From Doom 666Tests" */ = {
			isa = XCConfigurationList;
			buildConfigurations = (
				EB6A32B81A9E423F00A941EB /* Debug */,
				EB6A32B91A9E423F00A941EB /* Release */,
			);
			defaultConfigurationIsVisible = 0;
		};
/* End XCConfigurationList section */
	};
	rootObject = EB6A32891A9E423F00A941EB /* Project object */;
}
